Microsoft Visual Studio Solution File, Format Version 11.00
# Visual Studio 2008

Project("{3367216A-18D7-DB96-9174-39478E263CBF}") = "TSA_Project_Main", "Assembly-CSharp.csproj", "{1CD34D3E-854D-BB79-17D6-D5F72C635053}"
EndProject
Global
	GlobalSection(SolutionConfigurationPlatforms) = preSolution
		Debug|Any CPU = Debug|Any CPU
		Release|Any CPU = Release|Any CPU
	EndGlobalSection
	GlobalSection(ProjectConfigurationPlatforms) = postSolution
		{1CD34D3E-854D-BB79-17D6-D5F72C635053}.Debug|Any CPU.ActiveCfg = Debug|Any CPU
		{1CD34D3E-854D-BB79-17D6-D5F72C635053}.Debug|Any CPU.Build.0 = Debug|Any CPU
		{1CD34D3E-854D-BB79-17D6-D5F72C635053}.Release|Any CPU.ActiveCfg = Release|Any CPU
		{1CD34D3E-854D-BB79-17D6-D5F72C635053}.Release|Any CPU.Build.0 = Release|Any CPU
	EndGlobalSection
	GlobalSection(SolutionProperties) = preSolution
		HideSolutionNode = FALSE
	EndGlobalSection
	GlobalSection(MonoDevelopProperties) = preSolution
		StartupItem = Assembly-CSharp.csproj
	EndGlobalSection
EndGlobal
